dependencies:
  78/esp-opus:
    component_hash: 8182b733f071d7bfe1e837f4c9f8649a63e4c937177f089e65772880c02f2e17
    dependencies:
    - name: idf
      require: private
      version: '>=5.0'
    source:
      registry_url: https://components.espressif.com/
      type: service
    version: 1.0.5
  espressif/bq27220:
    component_hash: df0a38fae582b535f9e0cc41b811f49ce5dc2e0c70009605c4d57c159efb8f2d
    dependencies:
    - name: espressif/cmake_utilities
      registry_url: https://components.espressif.com
      require: private
      version: 0.*
    - name: espressif/i2c_bus
      registry_url: https://components.espressif.com
      require: public
      version: 1.4.*
    - name: idf
      require: private
      version: '>=4.4'
    source:
      registry_url: https://components.espressif.com/
      type: service
    version: 0.1.1
  espressif/button:
    component_hash: d0afa32f0e50d60bc0c6fc23f7eea98adc6b02cfe70b590bc52c23c506745287
    dependencies:
    - name: espressif/cmake_utilities
      registry_url: https://components.espressif.com
      require: private
      version: '*'
    - name: idf
      require: private
      version: '>=4.0'
    source:
      registry_url: https://components.espressif.com/
      type: service
    version: 4.1.6
  espressif/cmake_utilities:
    component_hash: 351350613ceafba240b761b4ea991e0f231ac7a9f59a9ee901f751bddc0bb18f
    dependencies:
    - name: idf
      require: private
      version: '>=4.1'
    source:
      registry_url: https://components.espressif.com/
      type: service
    version: 0.5.3
  espressif/esp-boost:
    component_hash: faf0cf16385575da381cde57989c14a82538ef90665fe7f7cec459a738c88fec
    dependencies:
    - name: idf
      require: private
      version: '>=5.3'
    source:
      registry_url: https://components.espressif.com/
      type: service
    version: 0.3.1
  espressif/esp-lib-utils:
    component_hash: 4ea629fce1e7e8a92d347d94b0e9dbb854ca3ecdf384ca6aa02677df9b4db735
    dependencies:
    - name: idf
      require: private
      version: '>=5.4'
    source:
      registry_url: https://components.espressif.com/
      type: service
    version: 0.3.0
  espressif/esp_codec_dev:
    component_hash: d67021bdb3f619cebabdfabd4507d978dfa5cddf3ae8db4752b23843cf2cc2d9
    dependencies:
    - name: idf
      require: private
      version: '>=4.0'
    source:
      registry_url: https://components.espressif.com/
      type: service
    version: 1.5.6
  espressif/esp_lcd_st77916:
    component_hash: c0a565af3ea85a9d9f1e79b0e4d0829378db319bc4dab4939eca44361b3c5a1b
    dependencies:
    - name: espressif/cmake_utilities
      registry_url: https://components.espressif.com
      require: private
      version: 0.*
    - name: idf
      require: private
      version: '>=5.4'
    source:
      registry_url: https://components.espressif.com/
      type: service
    version: 2.0.2
  espressif/esp_lcd_touch:
    component_hash: 3f85a7d95af876f1a6ecca8eb90a81614890d0f03a038390804e5a77e2caf862
    dependencies:
    - name: idf
      require: private
      version: '>=4.4.2'
    source:
      registry_url: https://components.espressif.com/
      type: service
    version: 1.2.1
  espressif/esp_lcd_touch_cst816s:
    component_hash: 6b11c489952c121396d4eaf5804b45e3f1f8dcd2c548dc6f2cbedf68622b013d
    dependencies:
    - name: espressif/esp_lcd_touch
      registry_url: https://components.espressif.com
      require: public
      version: ^1.2.0
    - name: idf
      require: private
      version: '>=4.4.2'
    source:
      registry_url: https://components.espressif.com/
      type: service
    version: 1.1.1
  espressif/esp_lv_decoder:
    component_hash: 992e26273dd680cc6b82fe031232e046d9e31a448335c950af7782152033d7fa
    dependencies:
    - name: espressif/esp_new_jpeg
      registry_url: https://components.espressif.com
      require: private
      version: 0.*
    - name: espressif/libpng
      registry_url: https://components.espressif.com
      require: private
      version: 1.*
    - name: idf
      require: private
      version: '>=5.3'
    - name: lvgl/lvgl
      registry_url: https://components.espressif.com
      require: private
      version: '>=8,<10'
    source:
      registry_url: https://components.espressif.com/
      type: service
    targets:
    - esp32
    - esp32s2
    - esp32s3
    - esp32p4
    - esp32c2
    - esp32c3
    - esp32c5
    - esp32c6
    version: 0.3.5
  espressif/esp_lv_fs:
    component_hash: 66896007884b817df34c964f9a114fff538ee2674e99fee7159162498b93f94b
    dependencies:
    - name: espressif/cmake_utilities
      registry_url: https://components.espressif.com
      require: private
      version: 0.*
    - name: espressif/esp_mmap_assets
      registry_url: https://components.espressif.com
      require: private
      version: '>=1.2'
    - name: idf
      require: private
      version: '>=4.4'
    - name: lvgl/lvgl
      registry_url: https://components.espressif.com
      require: private
      version: '>=8,<10'
    source:
      registry_url: https://components.espressif.com/
      type: service
    version: 1.0.1
  espressif/esp_lvgl_adapter:
    component_hash: 70aa75937374c04030f080584eb339c71955dd1abfe4f8533298f210b757e942
    dependencies:
    - name: espressif/button
      registry_url: https://components.espressif.com
      require: public
      version: 4.*
    - name: espressif/esp_lcd_touch
      registry_url: https://components.espressif.com
      require: public
      version: 1.*
    - name: espressif/esp_lv_decoder
      registry_url: https://components.espressif.com
      require: public
      version: 0.*
    - name: espressif/esp_lv_fs
      registry_url: https://components.espressif.com
      require: public
      version: 1.*
    - name: espressif/freetype
      registry_url: https://components.espressif.com
      require: public
      version: 2.*
    - name: espressif/knob
      registry_url: https://components.espressif.com
      require: public
      version: 1.*
    - name: idf
      require: private
      version: '>=5.5'
    - name: lvgl/lvgl
      registry_url: https://components.espressif.com
      require: private
      version: '>=8,<10'
    source:
      registry_url: https://components.espressif.com/
      type: service
    version: 0.3.2
  espressif/esp_mmap_assets:
    component_hash: b47cf5249d7a7ba8448f165c6de395503a2c2695769ff6d3fa06f2fa4595b270
    dependencies:
    - name: espressif/cmake_utilities
      registry_url: https://components.espressif.com
      require: private
      version: 0.*
    - name: idf
      require: private
      version: '>=5.0'
    source:
      registry_url: https://components.espressif.com/
      type: service
    version: 1.3.2
  espressif/esp_new_jpeg:
    component_hash: e6af208a875abd0ecfc0213d3751a11b504b463ebde6930f24096047925fa5c1
    dependencies: []
    source:
      registry_url: https://components.espressif.com/
      type: service
    targets:
    - esp32
    - esp32s2
    - esp32s3
    - esp32p4
    - esp32c2
    - esp32c3
    - esp32c5
    - esp32c6
    version: 0.6.1
  espressif/esp_websocket_client:
    component_hash: 3fb288702517ef4d75bf933a115f1056ee0c2540d964f9e1d856e0bb67e1dfeb
    dependencies:
    - name: idf
      require: private
      version: '>=5.0'
    source:
      registry_url: https://components.espressif.com/
      type: service
    version: 1.7.0
  espressif/freetype:
    component_hash: a4169cdd22b3572342b2d640d7082405b8895e3214539283601c03412589b65d
    dependencies:
    - name: idf
      require: private
      version: '>=4.4'
    source:
      registry_url: https://components.espressif.com/
      type: service
    version: 2.14.2
  espressif/i2c_bus:
    component_hash: fe8f85b3859544fabb960d7bcec24278cd3c88e3f1777e8a2075b0aca202fd9f
    dependencies:
    - name: espressif/cmake_utilities
      registry_url: https://components.espressif.com
      require: private
      version: 0.*
    - name: idf
      require: private
      version: '>=4.0'
    source:
      registry_url: https://components.espressif.com/
      type: service
    version: 1.4.2
  espressif/knob:
    component_hash: 138ed090b4c9090a0a678f695b9d1884b368130c729b7333ed35bd7f4e8da80e
    dependencies:
    - name: espressif/cmake_utilities
      registry_url: https://components.espressif.com
      require: private
      version: 0.*
    - name: idf
      require: private
      version: '>=4.4.1'
    source:
      registry_url: https://components.espressif.com/
      type: service
    version: 1.0.2
  espressif/libpng:
    component_hash: 8c426d10dc2bf187aafd84ef42834e1a44835ed08a293d78683eb7811d8f8c25
    dependencies:
    - name: idf
      require: private
      version: '>=5.0'
    - name: espressif/zlib
      registry_url: https://components.espressif.com
      require: private
      version: ^1.2.13
    source:
      registry_url: https://components.espressif.com/
      type: service
    version: 1.6.55
  espressif/zlib:
    component_hash: 64ea2fd6754c5a05951f1ddb312ac835cd782e68cb5bd9dfcd1c3a107c8fbfbc
    dependencies:
    - name: idf
      require: private
      version: '>=4.4'
    source:
      registry_url: https://components.espressif.com/
      type: service
    version: 1.3.2
  espressif2022/image_player:
    component_hash: 0e42ed1c9665debd15f2f3e7e56519100e75e446410962226cb5e5402da3fa43
    dependencies:
    - name: espressif/cmake_utilities
      registry_url: https://components.espressif.com
      require: private
      version: 0.*
    - name: idf
      require: private
      version: '>=5.0'
    source:
      registry_url: https://components.espressif.com/
      type: service
    version: 1.1.1
  idf:
    source:
      type: idf
    version: 5.5.3
  lvgl/lvgl:
    component_hash: 184e532558c1c45fefed631f3e235423d22582aafb4630f3e8885c35281a49ae
    dependencies: []
    source:
      registry_url: https://components.espressif.com/
      type: service
    version: 9.5.0
  waveshare/pcf85063a:
    dependencies: []
    source:
      path: D:\Desktop\waveshare-1.85b\firmware\components\waveshare__pcf85063a
      type: local
    version: 1.0.1
  waveshare/qmi8658:
    dependencies: []
    source:
      path: D:\Desktop\waveshare-1.85b\firmware\components\waveshare__qmi8658
      type: local
    version: 1.0.1
direct_dependencies:
- 78/esp-opus
- espressif/bq27220
- espressif/button
- espressif/cmake_utilities
- espressif/esp-boost
- espressif/esp-lib-utils
- espressif/esp_codec_dev
- espressif/esp_lcd_st77916
- espressif/esp_lcd_touch
- espressif/esp_lcd_touch_cst816s
- espressif/esp_lv_decoder
- espressif/esp_lv_fs
- espressif/esp_lvgl_adapter
- espressif/esp_mmap_assets
- espressif/esp_new_jpeg
- espressif/esp_websocket_client
- espressif/freetype
- espressif/i2c_bus
- espressif/knob
- espressif/libpng
- espressif/zlib
- espressif2022/image_player
- idf
- lvgl/lvgl
- waveshare/pcf85063a
- waveshare/qmi8658
manifest_hash: a59c89b767f90375a5bc19feabc8f5127945833d782fa18ed68244b450419010
target: esp32s3
version: 2.0.0
